
Microsoft Visual Studio Solution File, Format Version 12.00
# Visual Studio Version 17
VisualStudioVersion = 17.2.32630.192
MinimumVisualStudioVersion = 10.0.40219.1
Project("{FAE04EC0-301F-11D3-BF4B-00C04F79EFBC}") = "SportsStore.UnitTests", "SportsStore.UnitTests\SportsStore.UnitTests.csproj", "{51D2A075-ABBF-4336-AD5C-6D4E8185E292}"
EndProject
Project("{FAE04EC0-301F-11D3-BF4B-00C04F79EFBC}") = "SportsStore.WebUI", "SportsStore.WebUI\SportsStore.WebUI.csproj", "{6FFA20F4-CCC9-48BF-97A1-342EAE30F310}"
EndProject
Project("{FAE04EC0-301F-11D3-BF4B-00C04F79EFBC}") = "SportsStore.Domain", "SportsStore.Domain\SportsStore.Domain.csproj", "{3A1B233A-AFE0-4FB3-8BB4-B51B065C7A4F}"
EndProject
Global
	GlobalSection(SolutionConfigurationPlatforms) = preSolution
		Debug|Any CPU = Debug|Any CPU
		Release|Any CPU = Release|Any CPU
	EndGlobalSection
	GlobalSection(ProjectConfigurationPlatforms) = postSolution
		{51D2A075-ABBF-4336-AD5C-6D4E8185E292}.Debug|Any CPU.ActiveCfg = Debug|Any CPU
		{51D2A075-ABBF-4336-AD5C-6D4E8185E292}.Debug|Any CPU.Build.0 = Debug|Any CPU
		{51D2A075-ABBF-4336-AD5C-6D4E8185E292}.Release|Any CPU.ActiveCfg = Release|Any CPU
		{51D2A075-ABBF-4336-AD5C-6D4E8185E292}.Release|Any CPU.Build.0 = Release|Any CPU
		{6FFA20F4-CCC9-48BF-97A1-342EAE30F310}.Debug|Any CPU.ActiveCfg = Debug|Any CPU
		{6FFA20F4-CCC9-48BF-97A1-342EAE30F310}.Debug|Any CPU.Build.0 = Debug|Any CPU
		{6FFA20F4-CCC9-48BF-97A1-342EAE30F310}.Release|Any CPU.ActiveCfg = Release|Any CPU
		{6FFA20F4-CCC9-48BF-97A1-342EAE30F310}.Release|Any CPU.Build.0 = Release|Any CPU
		{3A1B233A-AFE0-4FB3-8BB4-B51B065C7A4F}.Debug|Any CPU.ActiveCfg = Debug|Any CPU
		{3A1B233A-AFE0-4FB3-8BB4-B51B065C7A4F}.Debug|Any CPU.Build.0 = Debug|Any CPU
		{3A1B233A-AFE0-4FB3-8BB4-B51B065C7A4F}.Release|Any CPU.ActiveCfg = Release|Any CPU
		{3A1B233A-AFE0-4FB3-8BB4-B51B065C7A4F}.Release|Any CPU.Build.0 = Release|Any CPU
	EndGlobalSection
	GlobalSection(SolutionProperties) = preSolution
		HideSolutionNode = FALSE
	EndGlobalSection
	GlobalSection(ExtensibilityGlobals) = postSolution
		SolutionGuid = {753DFC71-262F-4121-ACAF-B781CD70CE90}
	EndGlobalSection
EndGlobal
